
Microsoft Visual Studio Solution File, Format Version 12.00
# Visual Studio 15
Project("{FAE04EC0-301F-11D3-BF4B-00C04F79EFBC}") = "Examen2019opcional", "Examen2019opcional.csproj", "{B05CD1F0-7B73-4FF8-9F0C-7B840DC023E5}"
EndProject
Global
	GlobalSection(SolutionConfigurationPlatforms) = preSolution
		Debug|anycpu = Debug|anycpu
		Release|anycpu = Release|anycpu
	EndGlobalSection
	GlobalSection(ProjectConfigurationPlatforms) = postSolution
		{B05CD1F0-7B73-4FF8-9F0C-7B840DC023E5}.Debug|anycpu.ActiveCfg = Debug|anycpu
		{B05CD1F0-7B73-4FF8-9F0C-7B840DC023E5}.Debug|anycpu.Build.0 = Debug|anycpu
		{B05CD1F0-7B73-4FF8-9F0C-7B840DC023E5}.Release|anycpu.ActiveCfg = Release|anycpu
		{B05CD1F0-7B73-4FF8-9F0C-7B840DC023E5}.Release|anycpu.Build.0 = Release|anycpu
	EndGlobalSection
EndGlobal
